
Microsoft Visual Studio Solution File, Format Version 12.00
# Visual Studio Version 16
VisualStudioVersion = 16.0.31410.357
MinimumVisualStudioVersion = 10.0.40219.1
Project("{FAE04EC0-301F-11D3-BF4B-00C04F79EFBC}") = "mantis-projects-tests", "mantis-tests\mantis-projects-tests.csproj", "{9857DDD2-60ED-44C0-997D-286A18EE41F1}"
EndProject
Global
	GlobalSection(SolutionConfigurationPlatforms) = preSolution
		Debug|Any CPU = Debug|Any CPU
		Release|Any CPU = Release|Any CPU
	EndGlobalSection
	GlobalSection(ProjectConfigurationPlatforms) = postSolution
		{9857DDD2-60ED-44C0-997D-286A18EE41F1}.Debug|Any CPU.ActiveCfg = Debug|Any CPU
		{9857DDD2-60ED-44C0-997D-286A18EE41F1}.Debug|Any CPU.Build.0 = Debug|Any CPU
		{9857DDD2-60ED-44C0-997D-286A18EE41F1}.Release|Any CPU.ActiveCfg = Release|Any CPU
		{9857DDD2-60ED-44C0-997D-286A18EE41F1}.Release|Any CPU.Build.0 = Release|Any CPU
	EndGlobalSection
	GlobalSection(SolutionProperties) = preSolution
		HideSolutionNode = FALSE
	EndGlobalSection
	GlobalSection(ExtensibilityGlobals) = postSolution
		SolutionGuid = {E5DFEBC6-0872-4E71-AF2D-25DA7CCE2F3A}
	EndGlobalSection
EndGlobal
