
Microsoft Visual Studio Solution File, Format Version 12.00
# Visual Studio Version 16
VisualStudioVersion = 16.0.31410.357
MinimumVisualStudioVersion = 10.0.40219.1
Project("{FAE04EC0-301F-11D3-BF4B-00C04F79EFBC}") = "mantis_registration_tests", "mantis_registration_tests\mantis_registration_tests.csproj", "{62DE60EA-C9B8-4255-A068-DF43DAA5DCB1}"
EndProject
Global
	GlobalSection(SolutionConfigurationPlatforms) = preSolution
		Debug|Any CPU = Debug|Any CPU
		Release|Any CPU = Release|Any CPU
	EndGlobalSection
	GlobalSection(ProjectConfigurationPlatforms) = postSolution
		{62DE60EA-C9B8-4255-A068-DF43DAA5DCB1}.Debug|Any CPU.ActiveCfg = Debug|Any CPU
		{62DE60EA-C9B8-4255-A068-DF43DAA5DCB1}.Debug|Any CPU.Build.0 = Debug|Any CPU
		{62DE60EA-C9B8-4255-A068-DF43DAA5DCB1}.Release|Any CPU.ActiveCfg = Release|Any CPU
		{62DE60EA-C9B8-4255-A068-DF43DAA5DCB1}.Release|Any CPU.Build.0 = Release|Any CPU
	EndGlobalSection
	GlobalSection(SolutionProperties) = preSolution
		HideSolutionNode = FALSE
	EndGlobalSection
	GlobalSection(ExtensibilityGlobals) = postSolution
		SolutionGuid = {878FAF78-C37D-4090-8B59-8492E8495F88}
	EndGlobalSection
EndGlobal
